lockfileVersion: '9.0'

settings:
  autoInstallPeers: true
  excludeLinksFromLockfile: false

importers:

  .:
    dependencies:
      '@deepseek-ai/dsh-tools':
        specifier: link:/Users/tali/github/deepseek-harness/packages/core/tools
        version: link:../../../deepseek-harness/packages/core/tools
      '@deepseek-ai/schemastery':
        specifier: link:/Users/tali/github/deepseek-harness/vendor/schemastery
        version: link:../../../deepseek-harness/vendor/schemastery
