lockfileVersion: '9.0'

settings:
  autoInstallPeers: true
  excludeLinksFromLockfile: false

importers:

  .:
    dependencies:
      '@deepseek-ai/dsh-llm':
        specifier: link:../../../deepseek-harness/packages/llm/llm
        version: link:../../../deepseek-harness/packages/llm/llm
      '@deepseek-ai/dsh-tools':
        specifier: link:../../../deepseek-harness/packages/core/tools
        version: link:../../../deepseek-harness/packages/core/tools
      '@deepseek-ai/schemastery':
        specifier: link:../../../deepseek-harness/vendor/schemastery
        version: link:../../../deepseek-harness/vendor/schemastery
      '@vscode/ripgrep':
        specifier: link:../../../deepseek-harness/packages/fs/tool-fs-search/node_modules/@vscode/ripgrep
        version: link:../../../deepseek-harness/packages/fs/tool-fs-search/node_modules/@vscode/ripgrep
